
Microsoft Visual Studio Solution File, Format Version 12.00
# Visual Studio Version 17
VisualStudioVersion = 17.14.37301.10
MinimumVisualStudioVersion = 10.0.40219.1
Project("{FAE04EC0-301F-11D3-BF4B-00C04F79EFBC}") = "KupujDomace", "KupujDomace\KupujDomace.csproj", "{B2B0BB03-09BE-415B-BBC5-60604294C044}"
EndProject
Global
	GlobalSection(SolutionConfigurationPlatforms) = preSolution
		Debug|Any CPU = Debug|Any CPU
		Release|Any CPU = Release|Any CPU
	EndGlobalSection
	GlobalSection(ProjectConfigurationPlatforms) = postSolution
		{B2B0BB03-09BE-415B-BBC5-60604294C044}.Debug|Any CPU.ActiveCfg = Debug|Any CPU
		{B2B0BB03-09BE-415B-BBC5-60604294C044}.Debug|Any CPU.Build.0 = Debug|Any CPU
		{B2B0BB03-09BE-415B-BBC5-60604294C044}.Release|Any CPU.ActiveCfg = Release|Any CPU
		{B2B0BB03-09BE-415B-BBC5-60604294C044}.Release|Any CPU.Build.0 = Release|Any CPU
	EndGlobalSection
	GlobalSection(SolutionProperties) = preSolution
		HideSolutionNode = FALSE
	EndGlobalSection
	GlobalSection(ExtensibilityGlobals) = postSolution
		SolutionGuid = {41DE1F02-9B61-4613-B190-EDBC05C6AD3E}
	EndGlobalSection
EndGlobal
